Microsoft Visual Studio Solution File, Format Version 12.00
# Visual Studio 14
VisualStudioVersion = 14.0.23107.0
MinimumVisualStudioVersion = 10.0.40219.1
Project("{8BC9CEB8-8B4A-11D0-8D11-00A0C91BC942}") = "Scene Information Pane", "interface\DzSceneInfo\DzSceneInfo.vcxproj", "{7DF18EDF-5DB9-461B-93AE-00951C93C820}"
EndProject
Project("{8BC9CEB8-8B4A-11D0-8D11-00A0C91BC942}") = "Black Hole WS Modifier", "modifiers\DzBlackHole\DzBlackHole.vcxproj", "{450B01C8-08A3-443B-BC93-D8A627562394}"
EndProject
Project("{8BC9CEB8-8B4A-11D0-8D11-00A0C91BC942}") = "A First Plugin", "interface\AFirstPlugin\AFirstPlugin.vcxproj", "{6D101121-6A6F-4C1A-A223-965E4CC33788}"
EndProject
Project("{8BC9CEB8-8B4A-11D0-8D11-00A0C91BC942}") = "Activate Full Screen Mode Action", "interface\DzActivateFullScreenModeAction\DzActivateFullScreenModeAction.vcxproj", "{C9FC5C83-89E6-42AD-80E9-AE395B608777}"
EndProject
Project("{8BC9CEB8-8B4A-11D0-8D11-00A0C91BC942}") = "Scene Loader Application", "applications\SceneLoaderApp\SceneLoaderApp.vcxproj", "{47DE3CFA-A137-494E-AED4-CB1826653080}"
EndProject
Project("{8BC9CEB8-8B4A-11D0-8D11-00A0C91BC942}") = "Custom Scene Data Loading Saving", "saving\customscenedata\scenedata.vcxproj", "{98410DCE-2EB5-44E8-B5BC-C33408D180D1}"
EndProject
Project("{8BC9CEB8-8B4A-11D0-8D11-00A0C91BC942}") = "Custom Element Loading Saving", "saving\customelements\customelements.vcxproj", "{FEECBDBE-B069-4E27-8BB7-B6489C9011D9}"
EndProject
Project("{8BC9CEB8-8B4A-11D0-8D11-00A0C91BC942}") = "Curve Shader Brick", "shaderbricks\DzCurveBrick\DzCurveBrick.vcxproj", "{A73F0044-3EB8-4B0E-8060-182013772D22}"
EndProject
Project("{8BC9CEB8-8B4A-11D0-8D11-00A0C91BC942}") = "Scene Information Pane", "interface\VCC\VCC.vcxproj", "{5171444B-59FF-4C54-8DF8-05B32863916A}"
EndProject
Global
	GlobalSection(SolutionConfigurationPlatforms) = preSolution
		Debug|Win32 = Debug|Win32
		Debug|x64 = Debug|x64
		Release|Win32 = Release|Win32
		Release|x64 = Release|x64
	EndGlobalSection
	GlobalSection(ProjectConfigurationPlatforms) = postSolution
		{7DF18EDF-5DB9-461B-93AE-00951C93C820}.Debug|Win32.ActiveCfg = Debug|Win32
		{7DF18EDF-5DB9-461B-93AE-00951C93C820}.Debug|Win32.Build.0 = Debug|Win32
		{7DF18EDF-5DB9-461B-93AE-00951C93C820}.Debug|x64.ActiveCfg = Debug|x64
		{7DF18EDF-5DB9-461B-93AE-00951C93C820}.Debug|x64.Build.0 = Debug|x64
		{7DF18EDF-5DB9-461B-93AE-00951C93C820}.Release|Win32.ActiveCfg = Release|Win32
		{7DF18EDF-5DB9-461B-93AE-00951C93C820}.Release|Win32.Build.0 = Release|Win32
		{7DF18EDF-5DB9-461B-93AE-00951C93C820}.Release|x64.ActiveCfg = Release|x64
		{7DF18EDF-5DB9-461B-93AE-00951C93C820}.Release|x64.Build.0 = Release|x64
		{450B01C8-08A3-443B-BC93-D8A627562394}.Debug|Win32.ActiveCfg = Debug|Win32
		{450B01C8-08A3-443B-BC93-D8A627562394}.Debug|Win32.Build.0 = Debug|Win32
		{450B01C8-08A3-443B-BC93-D8A627562394}.Debug|x64.ActiveCfg = Debug|x64
		{450B01C8-08A3-443B-BC93-D8A627562394}.Debug|x64.Build.0 = Debug|x64
		{450B01C8-08A3-443B-BC93-D8A627562394}.Release|Win32.ActiveCfg = Release|Win32
		{450B01C8-08A3-443B-BC93-D8A627562394}.Release|Win32.Build.0 = Release|Win32
		{450B01C8-08A3-443B-BC93-D8A627562394}.Release|x64.ActiveCfg = Release|x64
		{450B01C8-08A3-443B-BC93-D8A627562394}.Release|x64.Build.0 = Release|x64
		{6D101121-6A6F-4C1A-A223-965E4CC33788}.Debug|Win32.ActiveCfg = Debug|Win32
		{6D101121-6A6F-4C1A-A223-965E4CC33788}.Debug|Win32.Build.0 = Debug|Win32
		{6D101121-6A6F-4C1A-A223-965E4CC33788}.Debug|x64.ActiveCfg = Debug|x64
		{6D101121-6A6F-4C1A-A223-965E4CC33788}.Debug|x64.Build.0 = Debug|x64
		{6D101121-6A6F-4C1A-A223-965E4CC33788}.Release|Win32.ActiveCfg = Release|Win32
		{6D101121-6A6F-4C1A-A223-965E4CC33788}.Release|Win32.Build.0 = Release|Win32
		{6D101121-6A6F-4C1A-A223-965E4CC33788}.Release|x64.ActiveCfg = Release|x64
		{6D101121-6A6F-4C1A-A223-965E4CC33788}.Release|x64.Build.0 = Release|x64
		{C9FC5C83-89E6-42AD-80E9-AE395B608777}.Debug|Win32.ActiveCfg = Debug|Win32
		{C9FC5C83-89E6-42AD-80E9-AE395B608777}.Debug|Win32.Build.0 = Debug|Win32
		{C9FC5C83-89E6-42AD-80E9-AE395B608777}.Debug|x64.ActiveCfg = Debug|x64
		{C9FC5C83-89E6-42AD-80E9-AE395B608777}.Debug|x64.Build.0 = Debug|x64
		{C9FC5C83-89E6-42AD-80E9-AE395B608777}.Release|Win32.ActiveCfg = Release|Win32
		{C9FC5C83-89E6-42AD-80E9-AE395B608777}.Release|Win32.Build.0 = Release|Win32
		{C9FC5C83-89E6-42AD-80E9-AE395B608777}.Release|x64.ActiveCfg = Release|x64
		{C9FC5C83-89E6-42AD-80E9-AE395B608777}.Release|x64.Build.0 = Release|x64
		{47DE3CFA-A137-494E-AED4-CB1826653080}.Debug|Win32.ActiveCfg = Debug|Win32
		{47DE3CFA-A137-494E-AED4-CB1826653080}.Debug|Win32.Build.0 = Debug|Win32
		{47DE3CFA-A137-494E-AED4-CB1826653080}.Debug|x64.ActiveCfg = Debug|x64
		{47DE3CFA-A137-494E-AED4-CB1826653080}.Debug|x64.Build.0 = Debug|x64
		{47DE3CFA-A137-494E-AED4-CB1826653080}.Release|Win32.ActiveCfg = Release|Win32
		{47DE3CFA-A137-494E-AED4-CB1826653080}.Release|Win32.Build.0 = Release|Win32
		{47DE3CFA-A137-494E-AED4-CB1826653080}.Release|x64.ActiveCfg = Release|x64
		{47DE3CFA-A137-494E-AED4-CB1826653080}.Release|x64.Build.0 = Release|x64
		{98410DCE-2EB5-44E8-B5BC-C33408D180D1}.Debug|Win32.ActiveCfg = Debug|Win32
		{98410DCE-2EB5-44E8-B5BC-C33408D180D1}.Debug|Win32.Build.0 = Debug|Win32
		{98410DCE-2EB5-44E8-B5BC-C33408D180D1}.Debug|x64.ActiveCfg = Debug|x64
		{98410DCE-2EB5-44E8-B5BC-C33408D180D1}.Debug|x64.Build.0 = Debug|x64
		{98410DCE-2EB5-44E8-B5BC-C33408D180D1}.Release|Win32.ActiveCfg = Release|Win32
		{98410DCE-2EB5-44E8-B5BC-C33408D180D1}.Release|Win32.Build.0 = Release|Win32
		{98410DCE-2EB5-44E8-B5BC-C33408D180D1}.Release|x64.ActiveCfg = Release|x64
		{98410DCE-2EB5-44E8-B5BC-C33408D180D1}.Release|x64.Build.0 = Release|x64
		{FEECBDBE-B069-4E27-8BB7-B6489C9011D9}.Debug|Win32.ActiveCfg = Debug|Win32
		{FEECBDBE-B069-4E27-8BB7-B6489C9011D9}.Debug|Win32.Build.0 = Debug|Win32
		{FEECBDBE-B069-4E27-8BB7-B6489C9011D9}.Debug|x64.ActiveCfg = Debug|x64
		{FEECBDBE-B069-4E27-8BB7-B6489C9011D9}.Debug|x64.Build.0 = Debug|x64
		{FEECBDBE-B069-4E27-8BB7-B6489C9011D9}.Release|Win32.ActiveCfg = Release|Win32
		{FEECBDBE-B069-4E27-8BB7-B6489C9011D9}.Release|Win32.Build.0 = Release|Win32
		{FEECBDBE-B069-4E27-8BB7-B6489C9011D9}.Release|x64.ActiveCfg = Release|x64
		{FEECBDBE-B069-4E27-8BB7-B6489C9011D9}.Release|x64.Build.0 = Release|x64
		{A73F0044-3EB8-4B0E-8060-182013772D22}.Debug|Win32.ActiveCfg = Debug|Win32
		{A73F0044-3EB8-4B0E-8060-182013772D22}.Debug|Win32.Build.0 = Debug|Win32
		{A73F0044-3EB8-4B0E-8060-182013772D22}.Debug|x64.ActiveCfg = Debug|x64
		{A73F0044-3EB8-4B0E-8060-182013772D22}.Debug|x64.Build.0 = Debug|x64
		{A73F0044-3EB8-4B0E-8060-182013772D22}.Release|Win32.ActiveCfg = Release|Win32
		{A73F0044-3EB8-4B0E-8060-182013772D22}.Release|Win32.Build.0 = Release|Win32
		{A73F0044-3EB8-4B0E-8060-182013772D22}.Release|x64.ActiveCfg = Release|x64
		{A73F0044-3EB8-4B0E-8060-182013772D22}.Release|x64.Build.0 = Release|x64
		{5171444B-59FF-4C54-8DF8-05B32863916A}.Debug|Win32.ActiveCfg = Debug|Win32
		{5171444B-59FF-4C54-8DF8-05B32863916A}.Debug|Win32.Build.0 = Debug|Win32
		{5171444B-59FF-4C54-8DF8-05B32863916A}.Debug|x64.ActiveCfg = Debug|x64
		{5171444B-59FF-4C54-8DF8-05B32863916A}.Debug|x64.Build.0 = Debug|x64
		{5171444B-59FF-4C54-8DF8-05B32863916A}.Release|Win32.ActiveCfg = Release|Win32
		{5171444B-59FF-4C54-8DF8-05B32863916A}.Release|Win32.Build.0 = Release|Win32
		{5171444B-59FF-4C54-8DF8-05B32863916A}.Release|x64.ActiveCfg = Release|x64
		{5171444B-59FF-4C54-8DF8-05B32863916A}.Release|x64.Build.0 = Release|x64
	EndGlobalSection
	GlobalSection(SolutionProperties) = preSolution
		HideSolutionNode = FALSE
	EndGlobalSection
EndGlobal
