<?xml version="1.0" encoding="utf-8"?>
<Project ToolsVersion="4.0" xmlns="http://schemas.microsoft.com/developer/msbuild/2003">
  <ItemGroup>
    <ClCompile Include="pluginmain.cpp">
      <Filter>Source Files</Filter>
    </ClCompile>
    <ClCompile Include="VCCPane.cpp">
      <Filter>Source Files</Filter>
    </ClCompile>
    <ClCompile Include="VCCPane_moc.cpp">
      <Filter>Moc Files</Filter>
    </ClCompile>
    <ClCompile Include="CameraControl.cpp">
      <Filter>Source Files</Filter>
    </ClCompile>
    <ClCompile Include="ParticleSwarmOptimization.cpp">
      <Filter>Source Files</Filter>
    </ClCompile>
    <ClCompile Include="Particle.cpp">
      <Filter>Source Files</Filter>
    </ClCompile>
  </ItemGroup>
  <ItemGroup>
    <None Include="VirtualCameraControl.def" />
  </ItemGroup>
  <ItemGroup>
    <ResourceCompile Include="VirtualCameraControl.rc" />
  </ItemGroup>
  <ItemGroup>
    <Filter Include="Source Files">
      <UniqueIdentifier>{9ad902da-99a0-4952-8824-77f79c6b3ff7}</UniqueIdentifier>
    </Filter>
    <Filter Include="Header Files">
      <UniqueIdentifier>{ab06ce5a-2710-47e5-81c8-13047a8f769e}</UniqueIdentifier>
    </Filter>
    <Filter Include="Moc Files">
      <UniqueIdentifier>{16ec200d-9e29-459a-8cc9-09512eff2a50}</UniqueIdentifier>
    </Filter>
  </ItemGroup>
  <ItemGroup>
    <ClInclude Include="version.h">
      <Filter>Header Files</Filter>
    </ClInclude>
    <ClInclude Include="CameraControl.h">
      <Filter>Header Files</Filter>
    </ClInclude>
    <ClInclude Include="ParticleSwarmOptimization.h">
      <Filter>Header Files</Filter>
    </ClInclude>
    <ClInclude Include="Particle.h">
      <Filter>Header Files</Filter>
    </ClInclude>
  </ItemGroup>
  <ItemGroup>
    <CustomBuild Include="VCCPane.h">
      <Filter>Header Files</Filter>
    </CustomBuild>
  </ItemGroup>
</Project>