<?xml version="1.0" encoding="utf-8"?>
<Project ToolsVersion="4.0" xmlns="http://schemas.microsoft.com/developer/msbuild/2003">
  <ItemGroup>
    <ClInclude Include="version.h">
      <Filter>Header Files</Filter>
    </ClInclude>
  </ItemGroup>
  <ItemGroup>
    <Filter Include="moc">
      <UniqueIdentifier>{b27f4bd9-6020-47bc-bd51-ade5456481d9}</UniqueIdentifier>
    </Filter>
    <Filter Include="Header Files">
      <UniqueIdentifier>{a446a08f-c3a7-41b2-bb92-6191a6a35e27}</UniqueIdentifier>
    </Filter>
    <Filter Include="Source Files">
      <UniqueIdentifier>{2ec1458e-c17e-457b-8b62-a7215ee2ae81}</UniqueIdentifier>
    </Filter>
    <Filter Include="scripts">
      <UniqueIdentifier>{dbeaa933-7ed6-430c-8657-e495cdd7ed63}</UniqueIdentifier>
    </Filter>
  </ItemGroup>
  <ItemGroup>
    <ClCompile Include="pluginmain.cpp">
      <Filter>Source Files</Filter>
    </ClCompile>
    <ClCompile Include="dzcurvebrick.cpp">
      <Filter>Source Files</Filter>
    </ClCompile>
    <ClCompile Include="moc\dzcurvebrick_moc.cpp">
      <Filter>moc</Filter>
    </ClCompile>
    <ClCompile Include="scripts\dpcscript.cpp">
      <Filter>scripts</Filter>
    </ClCompile>
  </ItemGroup>
  <ItemGroup>
    <ResourceCompile Include="DzCurveBrick.rc">
      <Filter>Source Files</Filter>
    </ResourceCompile>
  </ItemGroup>
  <ItemGroup>
    <None Include="dzcurvebrick.def">
      <Filter>Source Files</Filter>
    </None>
    <None Include="scripts\curvehair.sl">
      <Filter>scripts</Filter>
    </None>
  </ItemGroup>
  <ItemGroup>
    <CustomBuild Include="dzcurvebrick.h">
      <Filter>Header Files</Filter>
    </CustomBuild>
    <CustomBuild Include="compileScripts.bat">
      <Filter>scripts</Filter>
    </CustomBuild>
  </ItemGroup>
</Project>