<?xml version="1.0" encoding="utf-8"?>
<Project ToolsVersion="4.0" xmlns="http://schemas.microsoft.com/developer/msbuild/2003">
  <ItemGroup>
    <Filter Include="Source Files">
      <UniqueIdentifier>{48a06a87-a273-4503-a12f-68ebf049e032}</UniqueIdentifier>
      <Extensions>cpp;c;cxx;rc;def;r;odl;idl;hpj;bat</Extensions>
    </Filter>
    <Filter Include="Header Files">
      <UniqueIdentifier>{dcb36446-c49a-4647-96c1-4838f6431903}</UniqueIdentifier>
      <Extensions>h;hpp;hxx;hm;inl</Extensions>
    </Filter>
    <Filter Include="Moc Files">
      <UniqueIdentifier>{c596bdc1-3264-4dfc-b0a9-3e12214da62d}</UniqueIdentifier>
    </Filter>
  </ItemGroup>
  <ItemGroup>
    <None Include="dzblackhole.def">
      <Filter>Source Files</Filter>
    </None>
  </ItemGroup>
  <ItemGroup>
    <ResourceCompile Include="DzBlackHole.rc">
      <Filter>Source Files</Filter>
    </ResourceCompile>
  </ItemGroup>
  <ItemGroup>
    <ClCompile Include="dzblackholeaction.cpp">
      <Filter>Source Files</Filter>
    </ClCompile>
    <ClCompile Include="dzblackholemod.cpp">
      <Filter>Source Files</Filter>
    </ClCompile>
    <ClCompile Include="dzblackholenode.cpp">
      <Filter>Source Files</Filter>
    </ClCompile>
    <ClCompile Include="pluginmain.cpp">
      <Filter>Source Files</Filter>
    </ClCompile>
    <ClCompile Include="moc\dzblackholeaction_moc.cpp">
      <Filter>Moc Files</Filter>
    </ClCompile>
    <ClCompile Include="moc\dzblackholemod_moc.cpp">
      <Filter>Moc Files</Filter>
    </ClCompile>
    <ClCompile Include="moc\dzblackholenode_moc.cpp">
      <Filter>Moc Files</Filter>
    </ClCompile>
  </ItemGroup>
  <ItemGroup>
    <ClInclude Include="version.h">
      <Filter>Header Files</Filter>
    </ClInclude>
  </ItemGroup>
  <ItemGroup>
    <CustomBuild Include="dzblackholeaction.h">
      <Filter>Header Files</Filter>
    </CustomBuild>
    <CustomBuild Include="dzblackholemod.h">
      <Filter>Header Files</Filter>
    </CustomBuild>
    <CustomBuild Include="dzblackholenode.h">
      <Filter>Header Files</Filter>
    </CustomBuild>
  </ItemGroup>
</Project>